<Solution>
  <Folder Name="/Task0/">
    <Project Path="Tyuiu.BochantsevAV.Sprint0.Task0.V0/Tyuiu.BochantsevAV.Sprint0.Task0.V0.csproj" />
  </Folder>
  <Folder Name="/Task1/">
    <Project Path="Tyuiu.BochantsevAV.Sprint0.Task1.V0/Tyuiu.BochantsevAV.Sprint0.Task1.V0.csproj" Id="b4cd86f5-ab02-4636-852f-1a68afc5c717" />
  </Folder>
</Solution>
