<Solution>
  <Folder Name="/Task0/">
    <Project Path="Tyuiu.BochantsevAV.Sprint0.Task0.V0/Tyuiu.BochantsevAV.Sprint0.Task0.V0.csproj" />
  </Folder>
  <Folder Name="/Task1/">
    <Project Path="Tyuiu.BochantsevAV.Sprint0.Task1.V0/Tyuiu.BochantsevAV.Sprint0.Task1.V0.csproj" Id="7b20678d-9d7e-4cac-a580-27d874e953ef" />
  </Folder>
</Solution>
